
Microsoft Visual Studio Solution File, Format Version 12.00
# Visual Studio Version 17
VisualStudioVersion = 17.8.34525.116
MinimumVisualStudioVersion = 10.0.40219.1
Project("{9A19103F-16F7-4668-BE54-9A1E7A4F7556}") = "part1", "part1\part1.csproj", "{62C75441-4A9F-4097-AEAE-E72373AC1902}"
EndProject
Project("{9A19103F-16F7-4668-BE54-9A1E7A4F7556}") = "AlgoFeladatok", "..\WEBUNI\AlgoFeladatok\AlgoFeladatok\AlgoFeladatok.csproj", "{3E84D204-D8F6-4A81-9F23-97E909602860}"
EndProject
Project("{9A19103F-16F7-4668-BE54-9A1E7A4F7556}") = "Kihívás 1. nap", "Kihívás 1. nap\Kihívás 1. nap.csproj", "{C87F7012-C954-410C-AF9B-6C377BE2972A}"
EndProject
Project("{9A19103F-16F7-4668-BE54-9A1E7A4F7556}") = "WinFormsAppKihivas3.nap", "WinFormsAppKihivas3.nap\WinFormsAppKihivas3.nap.csproj", "{B636DA16-B5D0-4EF7-A71C-E592081830E7}"
EndProject
Project("{9A19103F-16F7-4668-BE54-9A1E7A4F7556}") = "WinFormsAppKihivasMegoldás3.nap", "WinFormsAppKihivasMegoldás3.nap\WinFormsAppKihivasMegoldás3.nap.csproj", "{4378DFD8-A2DB-4558-AB67-83CABC75AE4E}"
EndProject
Project("{FAE04EC0-301F-11D3-BF4B-00C04F79EFBC}") = "WinFormsAppKihivasMegoldas4.nap", "WinFormsAppKihivasMegoldas4.nap\WinFormsAppKihivasMegoldas4.nap.csproj", "{4B5AE716-6C24-4920-AA33-31282B232C7E}"
EndProject
Project("{9A19103F-16F7-4668-BE54-9A1E7A4F7556}") = "KorKerTer", "..\WEBUNI\5KorKerTer\KorKerTer\KorKerTer\KorKerTer.csproj", "{506B4409-029B-4CC2-81D1-00B3B9B4F3F6}"
EndProject
Project("{9A19103F-16F7-4668-BE54-9A1E7A4F7556}") = "Matekozas", "..\WEBUNI\Matekozas\Matekozas\Matekozas\Matekozas.csproj", "{15F0934D-753A-4607-AA6D-9918249427AD}"
EndProject
Global
	GlobalSection(SolutionConfigurationPlatforms) = preSolution
		Debug|Any CPU = Debug|Any CPU
		Release|Any CPU = Release|Any CPU
	EndGlobalSection
	GlobalSection(ProjectConfigurationPlatforms) = postSolution
		{62C75441-4A9F-4097-AEAE-E72373AC1902}.Debug|Any CPU.ActiveCfg = Debug|Any CPU
		{62C75441-4A9F-4097-AEAE-E72373AC1902}.Debug|Any CPU.Build.0 = Debug|Any CPU
		{62C75441-4A9F-4097-AEAE-E72373AC1902}.Release|Any CPU.ActiveCfg = Release|Any CPU
		{62C75441-4A9F-4097-AEAE-E72373AC1902}.Release|Any CPU.Build.0 = Release|Any CPU
		{3E84D204-D8F6-4A81-9F23-97E909602860}.Debug|Any CPU.ActiveCfg = Debug|Any CPU
		{3E84D204-D8F6-4A81-9F23-97E909602860}.Debug|Any CPU.Build.0 = Debug|Any CPU
		{3E84D204-D8F6-4A81-9F23-97E909602860}.Release|Any CPU.ActiveCfg = Release|Any CPU
		{3E84D204-D8F6-4A81-9F23-97E909602860}.Release|Any CPU.Build.0 = Release|Any CPU
		{C87F7012-C954-410C-AF9B-6C377BE2972A}.Debug|Any CPU.ActiveCfg = Debug|Any CPU
		{C87F7012-C954-410C-AF9B-6C377BE2972A}.Debug|Any CPU.Build.0 = Debug|Any CPU
		{C87F7012-C954-410C-AF9B-6C377BE2972A}.Release|Any CPU.ActiveCfg = Release|Any CPU
		{C87F7012-C954-410C-AF9B-6C377BE2972A}.Release|Any CPU.Build.0 = Release|Any CPU
		{B636DA16-B5D0-4EF7-A71C-E592081830E7}.Debug|Any CPU.ActiveCfg = Debug|Any CPU
		{B636DA16-B5D0-4EF7-A71C-E592081830E7}.Debug|Any CPU.Build.0 = Debug|Any CPU
		{B636DA16-B5D0-4EF7-A71C-E592081830E7}.Release|Any CPU.ActiveCfg = Release|Any CPU
		{B636DA16-B5D0-4EF7-A71C-E592081830E7}.Release|Any CPU.Build.0 = Release|Any CPU
		{4378DFD8-A2DB-4558-AB67-83CABC75AE4E}.Debug|Any CPU.ActiveCfg = Debug|Any CPU
		{4378DFD8-A2DB-4558-AB67-83CABC75AE4E}.Debug|Any CPU.Build.0 = Debug|Any CPU
		{4378DFD8-A2DB-4558-AB67-83CABC75AE4E}.Release|Any CPU.ActiveCfg = Release|Any CPU
		{4378DFD8-A2DB-4558-AB67-83CABC75AE4E}.Release|Any CPU.Build.0 = Release|Any CPU
		{4B5AE716-6C24-4920-AA33-31282B232C7E}.Debug|Any CPU.ActiveCfg = Debug|Any CPU
		{4B5AE716-6C24-4920-AA33-31282B232C7E}.Debug|Any CPU.Build.0 = Debug|Any CPU
		{4B5AE716-6C24-4920-AA33-31282B232C7E}.Release|Any CPU.ActiveCfg = Release|Any CPU
		{4B5AE716-6C24-4920-AA33-31282B232C7E}.Release|Any CPU.Build.0 = Release|Any CPU
		{506B4409-029B-4CC2-81D1-00B3B9B4F3F6}.Debug|Any CPU.ActiveCfg = Debug|Any CPU
		{506B4409-029B-4CC2-81D1-00B3B9B4F3F6}.Debug|Any CPU.Build.0 = Debug|Any CPU
		{506B4409-029B-4CC2-81D1-00B3B9B4F3F6}.Release|Any CPU.ActiveCfg = Release|Any CPU
		{506B4409-029B-4CC2-81D1-00B3B9B4F3F6}.Release|Any CPU.Build.0 = Release|Any CPU
		{15F0934D-753A-4607-AA6D-9918249427AD}.Debug|Any CPU.ActiveCfg = Debug|Any CPU
		{15F0934D-753A-4607-AA6D-9918249427AD}.Debug|Any CPU.Build.0 = Debug|Any CPU
		{15F0934D-753A-4607-AA6D-9918249427AD}.Release|Any CPU.ActiveCfg = Release|Any CPU
		{15F0934D-753A-4607-AA6D-9918249427AD}.Release|Any CPU.Build.0 = Release|Any CPU
	EndGlobalSection
	GlobalSection(SolutionProperties) = preSolution
		HideSolutionNode = FALSE
	EndGlobalSection
	GlobalSection(ExtensibilityGlobals) = postSolution
		SolutionGuid = {25DDD2B6-E446-4946-A2EF-2FE9DF8A186F}
	EndGlobalSection
EndGlobal
