
Microsoft Visual Studio Solution File, Format Version 12.00
# Visual Studio Version 17
VisualStudioVersion = 17.8.34525.116
MinimumVisualStudioVersion = 10.0.40219.1
Project("{FAE04EC0-301F-11D3-BF4B-00C04F79EFBC}") = "StatStrHlp", "StatStrHlp\StatStrHlp.csproj", "{B1B12CCA-A7CD-4924-8754-87FA675325E9}"
EndProject
Project("{FAE04EC0-301F-11D3-BF4B-00C04F79EFBC}") = "CarRegistrator", "CarRegistrator\CarRegistrator.csproj", "{437CE32A-ACC2-4880-B653-FB697BC9F1E4}"
EndProject
Global
	GlobalSection(SolutionConfigurationPlatforms) = preSolution
		Debug|Any CPU = Debug|Any CPU
		Release|Any CPU = Release|Any CPU
	EndGlobalSection
	GlobalSection(ProjectConfigurationPlatforms) = postSolution
		{B1B12CCA-A7CD-4924-8754-87FA675325E9}.Debug|Any CPU.ActiveCfg = Debug|Any CPU
		{B1B12CCA-A7CD-4924-8754-87FA675325E9}.Debug|Any CPU.Build.0 = Debug|Any CPU
		{B1B12CCA-A7CD-4924-8754-87FA675325E9}.Release|Any CPU.ActiveCfg = Release|Any CPU
		{B1B12CCA-A7CD-4924-8754-87FA675325E9}.Release|Any CPU.Build.0 = Release|Any CPU
		{437CE32A-ACC2-4880-B653-FB697BC9F1E4}.Debug|Any CPU.ActiveCfg = Debug|Any CPU
		{437CE32A-ACC2-4880-B653-FB697BC9F1E4}.Debug|Any CPU.Build.0 = Debug|Any CPU
		{437CE32A-ACC2-4880-B653-FB697BC9F1E4}.Release|Any CPU.ActiveCfg = Release|Any CPU
		{437CE32A-ACC2-4880-B653-FB697BC9F1E4}.Release|Any CPU.Build.0 = Release|Any CPU
	EndGlobalSection
	GlobalSection(SolutionProperties) = preSolution
		HideSolutionNode = FALSE
	EndGlobalSection
	GlobalSection(ExtensibilityGlobals) = postSolution
		SolutionGuid = {5B1D83A9-790C-47F2-96F4-F88EB183D1B4}
	EndGlobalSection
EndGlobal
