
Microsoft Visual Studio Solution File, Format Version 12.00
# Visual Studio Version 17
VisualStudioVersion = 17.0.32112.339
MinimumVisualStudioVersion = 10.0.40219.1
Project("{9A19103F-16F7-4668-BE54-9A1E7A4F7556}") = "7Matekozas", "Matekozas\7Matekozas.csproj", "{7EAFF3A4-EF53-43DD-BEEC-DF0A58EA3A60}"
EndProject
Project("{9A19103F-16F7-4668-BE54-9A1E7A4F7556}") = "part1", "..\..\..\Feladatok\part1\part1.csproj", "{8F1BA05E-5273-4C44-8969-E79F342B0CFF}"
EndProject
Project("{9A19103F-16F7-4668-BE54-9A1E7A4F7556}") = "AlgoFeladatok", "..\..\..\Feladatok\part1\AlgoFeladatok.csproj", "{5BABE4BF-6335-422C-AB73-A7DAD5BA963C}"
EndProject
Global
	GlobalSection(SolutionConfigurationPlatforms) = preSolution
		Debug|Any CPU = Debug|Any CPU
		Release|Any CPU = Release|Any CPU
	EndGlobalSection
	GlobalSection(ProjectConfigurationPlatforms) = postSolution
		{7EAFF3A4-EF53-43DD-BEEC-DF0A58EA3A60}.Debug|Any CPU.ActiveCfg = Debug|Any CPU
		{7EAFF3A4-EF53-43DD-BEEC-DF0A58EA3A60}.Debug|Any CPU.Build.0 = Debug|Any CPU
		{7EAFF3A4-EF53-43DD-BEEC-DF0A58EA3A60}.Release|Any CPU.ActiveCfg = Release|Any CPU
		{7EAFF3A4-EF53-43DD-BEEC-DF0A58EA3A60}.Release|Any CPU.Build.0 = Release|Any CPU
		{8F1BA05E-5273-4C44-8969-E79F342B0CFF}.Debug|Any CPU.ActiveCfg = Debug|Any CPU
		{8F1BA05E-5273-4C44-8969-E79F342B0CFF}.Debug|Any CPU.Build.0 = Debug|Any CPU
		{8F1BA05E-5273-4C44-8969-E79F342B0CFF}.Release|Any CPU.ActiveCfg = Release|Any CPU
		{8F1BA05E-5273-4C44-8969-E79F342B0CFF}.Release|Any CPU.Build.0 = Release|Any CPU
		{5BABE4BF-6335-422C-AB73-A7DAD5BA963C}.Debug|Any CPU.ActiveCfg = Debug|Any CPU
		{5BABE4BF-6335-422C-AB73-A7DAD5BA963C}.Debug|Any CPU.Build.0 = Debug|Any CPU
		{5BABE4BF-6335-422C-AB73-A7DAD5BA963C}.Release|Any CPU.ActiveCfg = Release|Any CPU
		{5BABE4BF-6335-422C-AB73-A7DAD5BA963C}.Release|Any CPU.Build.0 = Release|Any CPU
	EndGlobalSection
	GlobalSection(SolutionProperties) = preSolution
		HideSolutionNode = FALSE
	EndGlobalSection
	GlobalSection(ExtensibilityGlobals) = postSolution
		SolutionGuid = {8A90C519-E593-4E3B-B824-EA4441F44728}
	EndGlobalSection
EndGlobal
