
Microsoft Visual Studio Solution File, Format Version 12.00
# Visual Studio Version 17
VisualStudioVersion = 17.8.34525.116
MinimumVisualStudioVersion = 10.0.40219.1
Project("{9A19103F-16F7-4668-BE54-9A1E7A4F7556}") = "Hackerrank", "Hackerrank\Hackerrank.csproj", "{8DC44618-74CF-4EF5-A209-571D93217794}"
EndProject
Project("{2150E333-8FDC-42A3-9474-1A3956D46DE8}") = "Solution Items", "Solution Items", "{E1797900-04A1-4BC9-94D6-1679203E7003}"
	ProjectSection(SolutionItems) = preProject
		.editorconfig = .editorconfig
	EndProjectSection
EndProject
Project("{9A19103F-16F7-4668-BE54-9A1E7A4F7556}") = "PlusMinu", "PlusMinu\PlusMinu.csproj", "{01127F0F-2FB9-4530-8A4E-932F6EF53C3A}"
EndProject
Project("{9A19103F-16F7-4668-BE54-9A1E7A4F7556}") = "Staircase", "Staircase\Staircase.csproj", "{2663ADEA-882A-49F5-B8E0-321FF4156825}"
EndProject
Project("{9A19103F-16F7-4668-BE54-9A1E7A4F7556}") = "Mini Max Sum", "Mini Max Sum\Mini Max Sum.csproj", "{259D8B3F-84BA-4A61-870C-E32BEF11D9ED}"
EndProject
Project("{9A19103F-16F7-4668-BE54-9A1E7A4F7556}") = "A-very-big-sum", "A-very-big-sum\A-very-big-sum.csproj", "{05388DA2-8F42-440D-8A2C-730CF88516A7}"
EndProject
Project("{9A19103F-16F7-4668-BE54-9A1E7A4F7556}") = "Birthday-Cake-Candles", "Birthday-Cake-Candles\Birthday-Cake-Candles.csproj", "{9B6CB88E-C1B5-4CCD-9B17-2E021EDCF1DC}"
EndProject
Project("{FAE04EC0-301F-11D3-BF4B-00C04F79EFBC}") = "Time Conversion", "Time Conversion\Time Conversion.csproj", "{BADB3C4C-BADA-418E-836F-F8719BFBE2D6}"
EndProject
Global
	GlobalSection(SolutionConfigurationPlatforms) = preSolution
		Debug|Any CPU = Debug|Any CPU
		Release|Any CPU = Release|Any CPU
	EndGlobalSection
	GlobalSection(ProjectConfigurationPlatforms) = postSolution
		{8DC44618-74CF-4EF5-A209-571D93217794}.Debug|Any CPU.ActiveCfg = Debug|Any CPU
		{8DC44618-74CF-4EF5-A209-571D93217794}.Debug|Any CPU.Build.0 = Debug|Any CPU
		{8DC44618-74CF-4EF5-A209-571D93217794}.Release|Any CPU.ActiveCfg = Release|Any CPU
		{8DC44618-74CF-4EF5-A209-571D93217794}.Release|Any CPU.Build.0 = Release|Any CPU
		{01127F0F-2FB9-4530-8A4E-932F6EF53C3A}.Debug|Any CPU.ActiveCfg = Debug|Any CPU
		{01127F0F-2FB9-4530-8A4E-932F6EF53C3A}.Debug|Any CPU.Build.0 = Debug|Any CPU
		{01127F0F-2FB9-4530-8A4E-932F6EF53C3A}.Release|Any CPU.ActiveCfg = Release|Any CPU
		{01127F0F-2FB9-4530-8A4E-932F6EF53C3A}.Release|Any CPU.Build.0 = Release|Any CPU
		{2663ADEA-882A-49F5-B8E0-321FF4156825}.Debug|Any CPU.ActiveCfg = Debug|Any CPU
		{2663ADEA-882A-49F5-B8E0-321FF4156825}.Debug|Any CPU.Build.0 = Debug|Any CPU
		{2663ADEA-882A-49F5-B8E0-321FF4156825}.Release|Any CPU.ActiveCfg = Release|Any CPU
		{2663ADEA-882A-49F5-B8E0-321FF4156825}.Release|Any CPU.Build.0 = Release|Any CPU
		{259D8B3F-84BA-4A61-870C-E32BEF11D9ED}.Debug|Any CPU.ActiveCfg = Debug|Any CPU
		{259D8B3F-84BA-4A61-870C-E32BEF11D9ED}.Debug|Any CPU.Build.0 = Debug|Any CPU
		{259D8B3F-84BA-4A61-870C-E32BEF11D9ED}.Release|Any CPU.ActiveCfg = Release|Any CPU
		{259D8B3F-84BA-4A61-870C-E32BEF11D9ED}.Release|Any CPU.Build.0 = Release|Any CPU
		{05388DA2-8F42-440D-8A2C-730CF88516A7}.Debug|Any CPU.ActiveCfg = Debug|Any CPU
		{05388DA2-8F42-440D-8A2C-730CF88516A7}.Debug|Any CPU.Build.0 = Debug|Any CPU
		{05388DA2-8F42-440D-8A2C-730CF88516A7}.Release|Any CPU.ActiveCfg = Release|Any CPU
		{05388DA2-8F42-440D-8A2C-730CF88516A7}.Release|Any CPU.Build.0 = Release|Any CPU
		{9B6CB88E-C1B5-4CCD-9B17-2E021EDCF1DC}.Debug|Any CPU.ActiveCfg = Debug|Any CPU
		{9B6CB88E-C1B5-4CCD-9B17-2E021EDCF1DC}.Debug|Any CPU.Build.0 = Debug|Any CPU
		{9B6CB88E-C1B5-4CCD-9B17-2E021EDCF1DC}.Release|Any CPU.ActiveCfg = Release|Any CPU
		{9B6CB88E-C1B5-4CCD-9B17-2E021EDCF1DC}.Release|Any CPU.Build.0 = Release|Any CPU
		{BADB3C4C-BADA-418E-836F-F8719BFBE2D6}.Debug|Any CPU.ActiveCfg = Debug|Any CPU
		{BADB3C4C-BADA-418E-836F-F8719BFBE2D6}.Debug|Any CPU.Build.0 = Debug|Any CPU
		{BADB3C4C-BADA-418E-836F-F8719BFBE2D6}.Release|Any CPU.ActiveCfg = Release|Any CPU
		{BADB3C4C-BADA-418E-836F-F8719BFBE2D6}.Release|Any CPU.Build.0 = Release|Any CPU
	EndGlobalSection
	GlobalSection(SolutionProperties) = preSolution
		HideSolutionNode = FALSE
	EndGlobalSection
	GlobalSection(ExtensibilityGlobals) = postSolution
		SolutionGuid = {C078C4A0-F76D-491B-A6B3-412DDABCFDF9}
	EndGlobalSection
EndGlobal
